
Microsoft Visual Studio Solution File, Format Version 12.00
# Visual Studio 15
VisualStudioVersion = 15.0.28307.1525
MinimumVisualStudioVersion = 10.0.40219.1
Project("{FAE04EC0-301F-11D3-BF4B-00C04F79EFBC}") = "Sed2Outlook", "Sed2Outlook\Sed2Outlook.csproj", "{17008804-7AA7-4992-8BDA-B59E11C8B4D5}"
EndProject
Global
	GlobalSection(SolutionConfigurationPlatforms) = preSolution
		Debug|Any CPU = Debug|Any CPU
		Release|Any CPU = Release|Any CPU
	EndGlobalSection
	GlobalSection(ProjectConfigurationPlatforms) = postSolution
		{17008804-7AA7-4992-8BDA-B59E11C8B4D5}.Debug|Any CPU.ActiveCfg = Debug|Any CPU
		{17008804-7AA7-4992-8BDA-B59E11C8B4D5}.Debug|Any CPU.Build.0 = Debug|Any CPU
		{17008804-7AA7-4992-8BDA-B59E11C8B4D5}.Release|Any CPU.ActiveCfg = Release|Any CPU
		{17008804-7AA7-4992-8BDA-B59E11C8B4D5}.Release|Any CPU.Build.0 = Release|Any CPU
	EndGlobalSection
	GlobalSection(SolutionProperties) = preSolution
		HideSolutionNode = FALSE
	EndGlobalSection
	GlobalSection(ExtensibilityGlobals) = postSolution
		SolutionGuid = {7BF4C70E-254E-42D7-9E39-22F1D7491F41}
	EndGlobalSection
EndGlobal
